// !$*UTF8*$!
{
	archiveVersion = 1;
	classes = {
	};
	objectVersion = 46;
	objects = {

/* Begin PBXBuildFile section */
		007093EE49A89A65D623176B /* Pods_Clutch.framework in Frameworks */ = {isa = PBXBuildFile; fileRef = 3F46E34D0EDD4399558A8CEA /* Pods_Clutch.framework */; };
		0DCBD4B41CA906F300727923 /* Bus.png in Resources */ = {isa = PBXBuildFile; fileRef = 0DCBD4B21CA906F300727923 /* Bus.png */; };
		0DCBD4B51CA906F300727923 /* stop-circle.png in Resources */ = {isa = PBXBuildFile; fileRef = 0DCBD4B31CA906F300727923 /* stop-circle.png */; };
		64265DE01C8CB3DC00876484 /* StopAnnotation.swift in Sources */ = {isa = PBXBuildFile; fileRef = 64265DDF1C8CB3DC00876484 /* StopAnnotation.swift */; };
		64265DE21C8CC20200876484 /* StopPointAnnotation.swift in Sources */ = {isa = PBXBuildFile; fileRef = 64265DE11C8CC20200876484 /* StopPointAnnotation.swift */; };
		6475B1841CA87DBF00B36F4C /* routes in Resources */ = {isa = PBXBuildFile; fileRef = 6475B1821CA87DBF00B36F4C /* routes */; };
		6475B1851CA87DBF00B36F4C /* stops in Resources */ = {isa = PBXBuildFile; fileRef = 6475B1831CA87DBF00B36F4C /* stops */; };
		64798B4A1CB2C76A00E26005 /* Direction.png in Resources */ = {isa = PBXBuildFile; fileRef = 64798B491CB2C76A00E26005 /* Direction.png */; };
		6485B59D1C77DBBA00AD7434 /* BusAnnotation.swift in Sources */ = {isa = PBXBuildFile; fileRef = 6485B59C1C77DBBA00AD7434 /* BusAnnotation.swift */; };
		649F7FBE1CAA3E5C00276CDD /* ImageRotation.swift in Sources */ = {isa = PBXBuildFile; fileRef = 649F7FBD1CAA3E5C00276CDD /* ImageRotation.swift */; };
		64A51EFC1CB21A2000827578 /* Bus-Circle.png in Resources */ = {isa = PBXBuildFile; fileRef = 64A51EFB1CB21A2000827578 /* Bus-Circle.png */; };
		64BAAAC61C8747EB0056E2AF /* RoutesTableViewController.swift in Sources */ = {isa = PBXBuildFile; fileRef = 64BAAAC51C8747EB0056E2AF /* RoutesTableViewController.swift */; };
		64EAC3B01CAE3A7A00ABE648 /* StopsTableViewController.swift in Sources */ = {isa = PBXBuildFile; fileRef = 64EAC3AF1CAE3A7A00ABE648 /* StopsTableViewController.swift */; };
		64F3DBA51CAC32BB002F2541 /* RouteTableViewCell.swift in Sources */ = {isa = PBXBuildFile; fileRef = 64F3DBA41CAC32BB002F2541 /* RouteTableViewCell.swift */; };
		825485751C7402BA0023E1A5 /* AppDelegate.swift in Sources */ = {isa = PBXBuildFile; fileRef = 825485741C7402BA0023E1A5 /* AppDelegate.swift */; };
		825485771C7402BA0023E1A5 /* ViewController.swift in Sources */ = {isa = PBXBuildFile; fileRef = 825485761C7402BA0023E1A5 /* ViewController.swift */; };
		8254857A1C7402BA0023E1A5 /* Main.storyboard in Resources */ = {isa = PBXBuildFile; fileRef = 825485781C7402BA0023E1A5 /* Main.storyboard */; };
		8254857D1C7402BA0023E1A5 /* Shuttle.xcdatamodeld in Sources */ = {isa = PBXBuildFile; fileRef = 8254857B1C7402BA0023E1A5 /* Shuttle.xcdatamodeld */; };
		8254857F1C7402BA0023E1A5 /* Assets.xcassets in Resources */ = {isa = PBXBuildFile; fileRef = 8254857E1C7402BA0023E1A5 /* Assets.xcassets */; };
		825485821C7402BA0023E1A5 /* LaunchScreen.storyboard in Resources */ = {isa = PBXBuildFile; fileRef = 825485801C7402BA0023E1A5 /* LaunchScreen.storyboard */; };
		82FD72491CA88383002060F7 /* Route.swift in Sources */ = {isa = PBXBuildFile; fileRef = 82FD72481CA88383002060F7 /* Route.swift */; };
		82FD724B1CA88507002060F7 /* Bus.swift in Sources */ = {isa = PBXBuildFile; fileRef = 82FD724A1CA88507002060F7 /* Bus.swift */; };
		82FD724D1CA8AF2C002060F7 /* Stop.swift in Sources */ = {isa = PBXBuildFile; fileRef = 82FD724C1CA8AF2C002060F7 /* Stop.swift */; };
/* End PBXBuildFile section */

/* Begin PBXFileReference section */
		0DCBD4B21CA906F300727923 /* Bus.png */ = {isa = PBXFileReference; lastKnownFileType = image.png; path = Bus.png; sourceTree = "<group>"; };
		0DCBD4B31CA906F300727923 /* stop-circle.png */ = {isa = PBXFileReference; lastKnownFileType = image.png; path = "stop-circle.png"; sourceTree = "<group>"; };
		13FE1A817B820D45B89C0950 /* Pods-Clutch.debug.xcconfig */ = {isa = PBXFileReference; includeInIndex = 1; lastKnownFileType = text.xcconfig; name = "Pods-Clutch.debug.xcconfig"; path = "Pods/Target Support Files/Pods-Clutch/Pods-Clutch.debug.xcconfig"; sourceTree = "<group>"; };
		30DE629B51D9989E775AFE34 /* Pods_Shuttle.framework */ = {isa = PBXFileReference; explicitFileType = wrapper.framework; includeInIndex = 0; path = Pods_Shuttle.framework; sourceTree = BUILT_PRODUCTS_DIR; };
		3F46E34D0EDD4399558A8CEA /* Pods_Clutch.framework */ = {isa = PBXFileReference; explicitFileType = wrapper.framework; includeInIndex = 0; path = Pods_Clutch.framework; sourceTree = BUILT_PRODUCTS_DIR; };
		64265DDF1C8CB3DC00876484 /* StopAnnotation.swift */ = {isa = PBXFileReference; fileEncoding = 4; lastKnownFileType = sourcecode.swift; path = StopAnnotation.swift; sourceTree = "<group>"; };
		64265DE11C8CC20200876484 /* StopPointAnnotation.swift */ = {isa = PBXFileReference; fileEncoding = 4; lastKnownFileType = sourcecode.swift; path = StopPointAnnotation.swift; sourceTree = "<group>"; };
		6475B1821CA87DBF00B36F4C /* routes */ = {isa = PBXFileReference; lastKnownFileType = folder; name = routes; path = ../routes; sourceTree = "<group>"; };
		6475B1831CA87DBF00B36F4C /* stops */ = {isa = PBXFileReference; lastKnownFileType = folder; name = stops; path = ../stops; sourceTree = "<group>"; };
		64798B491CB2C76A00E26005 /* Direction.png */ = {isa = PBXFileReference; lastKnownFileType = image.png; path = Direction.png; sourceTree = "<group>"; };
		6485B59C1C77DBBA00AD7434 /* BusAnnotation.swift */ = {isa = PBXFileReference; fileEncoding = 4; lastKnownFileType = sourcecode.swift; path = BusAnnotation.swift; sourceTree = "<group>"; };
		649F7FBD1CAA3E5C00276CDD /* ImageRotation.swift */ = {isa = PBXFileReference; fileEncoding = 4; lastKnownFileType = sourcecode.swift; name = ImageRotation.swift; path = ../ImageRotation.swift; sourceTree = "<group>"; };
		64A51EFB1CB21A2000827578 /* Bus-Circle.png */ = {isa = PBXFileReference; lastKnownFileType = image.png; path = "Bus-Circle.png"; sourceTree = "<group>"; };
		64BAAAC51C8747EB0056E2AF /* RoutesTableViewController.swift */ = {isa = PBXFileReference; fileEncoding = 4; lastKnownFileType = sourcecode.swift; path = RoutesTableViewController.swift; sourceTree = "<group>"; };
		64EAC3AF1CAE3A7A00ABE648 /* StopsTableViewController.swift */ = {isa = PBXFileReference; fileEncoding = 4; lastKnownFileType = sourcecode.swift; path = StopsTableViewController.swift; sourceTree = "<group>"; };
		64F3DBA41CAC32BB002F2541 /* RouteTableViewCell.swift */ = {isa = PBXFileReference; fileEncoding = 4; lastKnownFileType = sourcecode.swift; path = RouteTableViewCell.swift; sourceTree = "<group>"; };
		7892EF1B1DF84265FB7E0BC6 /* Pods-Clutch.release.xcconfig */ = {isa = PBXFileReference; includeInIndex = 1; lastKnownFileType = text.xcconfig; name = "Pods-Clutch.release.xcconfig"; path = "Pods/Target Support Files/Pods-Clutch/Pods-Clutch.release.xcconfig"; sourceTree = "<group>"; };
		825485711C7402BA0023E1A5 /* Clutch.app */ = {isa = PBXFileReference; explicitFileType = wrapper.application; includeInIndex = 0; path = Clutch.app; sourceTree = BUILT_PRODUCTS_DIR; };
		825485741C7402BA0023E1A5 /* AppDelegate.swift */ = {isa = PBXFileReference; lastKnownFileType = sourcecode.swift; path = AppDelegate.swift; sourceTree = "<group>"; };
		825485761C7402BA0023E1A5 /* ViewController.swift */ = {isa = PBXFileReference; lastKnownFileType = sourcecode.swift; path = ViewController.swift; sourceTree = "<group>"; };
		825485791C7402BA0023E1A5 /* Base */ = {isa = PBXFileReference; lastKnownFileType = file.storyboard; name = Base; path = Base.lproj/Main.storyboard; sourceTree = "<group>"; };
		8254857C1C7402BA0023E1A5 /* Shuttle.xcdatamodel */ = {isa = PBXFileReference; lastKnownFileType = wrapper.xcdatamodel; path = Shuttle.xcdatamodel; sourceTree = "<group>"; };
		8254857E1C7402BA0023E1A5 /* Assets.xcassets */ = {isa = PBXFileReference; lastKnownFileType = folder.assetcatalog; path = Assets.xcassets; sourceTree = "<group>"; };
		825485811C7402BA0023E1A5 /* Base */ = {isa = PBXFileReference; lastKnownFileType = file.storyboard; name = Base; path = Base.lproj/LaunchScreen.storyboard; sourceTree = "<group>"; };
		825485831C7402BA0023E1A5 /* Info.plist */ = {isa = PBXFileReference; lastKnownFileType = text.plist.xml; path = Info.plist; sourceTree = "<group>"; };
		82FD72481CA88383002060F7 /* Route.swift */ = {isa = PBXFileReference; fileEncoding = 4; lastKnownFileType = sourcecode.swift; path = Route.swift; sourceTree = "<group>"; };
		82FD724A1CA88507002060F7 /* Bus.swift */ = {isa = PBXFileReference; fileEncoding = 4; lastKnownFileType = sourcecode.swift; path = Bus.swift; sourceTree = "<group>"; };
		82FD724C1CA8AF2C002060F7 /* Stop.swift */ = {isa = PBXFileReference; fileEncoding = 4; lastKnownFileType = sourcecode.swift; path = Stop.swift; sourceTree = "<group>"; };
/* End PBXFileReference section */

/* Begin PBXFrameworksBuildPhase section */
		8254856E1C7402BA0023E1A5 /* Frameworks */ = {
			isa = PBXFrameworksBuildPhase;
			buildActionMask = 2147483647;
			files = (
				007093EE49A89A65D623176B /* Pods_Clutch.framework in Frameworks */,
			);
			runOnlyForDeploymentPostprocessing = 0;
		};
/* End PBXFrameworksBuildPhase section */

/* Begin PBXGroup section */
		64A51EF71CB1CA2200827578 /* Assets */ = {
			isa = PBXGroup;
			children = (
				64798B491CB2C76A00E26005 /* Direction.png */,
				64A51EFB1CB21A2000827578 /* Bus-Circle.png */,
				0DCBD4B21CA906F300727923 /* Bus.png */,
				0DCBD4B31CA906F300727923 /* stop-circle.png */,
			);
			name = Assets;
			sourceTree = "<group>";
		};
		64A51EFA1CB1CB5B00827578 /* Objects etc. */ = {
			isa = PBXGroup;
			children = (
				649F7FBD1CAA3E5C00276CDD /* ImageRotation.swift */,
				64265DE11C8CC20200876484 /* StopPointAnnotation.swift */,
				825485741C7402BA0023E1A5 /* AppDelegate.swift */,
				6485B59C1C77DBBA00AD7434 /* BusAnnotation.swift */,
				64265DDF1C8CB3DC00876484 /* StopAnnotation.swift */,
				82FD724A1CA88507002060F7 /* Bus.swift */,
				64F3DBA41CAC32BB002F2541 /* RouteTableViewCell.swift */,
				82FD724C1CA8AF2C002060F7 /* Stop.swift */,
				82FD72481CA88383002060F7 /* Route.swift */,
			);
			name = "Objects etc.";
			sourceTree = "<group>";
		};
		825485681C7402BA0023E1A5 = {
			isa = PBXGroup;
			children = (
				825485731C7402BA0023E1A5 /* Shuttle */,
				825485721C7402BA0023E1A5 /* Products */,
				CC6956C30AD29FACAFE2DBBE /* Pods */,
				BB9D8FC6DE53DC4203BA41E7 /* Frameworks */,
			);
			sourceTree = "<group>";
		};
		825485721C7402BA0023E1A5 /* Products */ = {
			isa = PBXGroup;
			children = (
				825485711C7402BA0023E1A5 /* Clutch.app */,
			);
			name = Products;
			sourceTree = "<group>";
		};
		825485731C7402BA0023E1A5 /* Shuttle */ = {
			isa = PBXGroup;
			children = (
				64A51EF71CB1CA2200827578 /* Assets */,
				6475B1821CA87DBF00B36F4C /* routes */,
				6475B1831CA87DBF00B36F4C /* stops */,
				64A51EFA1CB1CB5B00827578 /* Objects etc. */,
				64BAAAC51C8747EB0056E2AF /* RoutesTableViewController.swift */,
				64EAC3AF1CAE3A7A00ABE648 /* StopsTableViewController.swift */,
				825485761C7402BA0023E1A5 /* ViewController.swift */,
				825485781C7402BA0023E1A5 /* Main.storyboard */,
				8254857E1C7402BA0023E1A5 /* Assets.xcassets */,
				825485801C7402BA0023E1A5 /* LaunchScreen.storyboard */,
				825485831C7402BA0023E1A5 /* Info.plist */,
				8254857B1C7402BA0023E1A5 /* Shuttle.xcdatamodeld */,
			);
			path = Shuttle;
			sourceTree = "<group>";
		};
		BB9D8FC6DE53DC4203BA41E7 /* Frameworks */ = {
			isa = PBXGroup;
			children = (
				30DE629B51D9989E775AFE34 /* Pods_Shuttle.framework */,
				3F46E34D0EDD4399558A8CEA /* Pods_Clutch.framework */,
			);
			name = Frameworks;
			sourceTree = "<group>";
		};
		CC6956C30AD29FACAFE2DBBE /* Pods */ = {
			isa = PBXGroup;
			children = (
				13FE1A817B820D45B89C0950 /* Pods-Clutch.debug.xcconfig */,
				7892EF1B1DF84265FB7E0BC6 /* Pods-Clutch.release.xcconfig */,
			);
			name = Pods;
			sourceTree = "<group>";
		};
/* End PBXGroup section */

/* Begin PBXNativeTarget section */
		825485701C7402BA0023E1A5 /* Clutch */ = {
			isa = PBXNativeTarget;
			buildConfigurationList = 825485861C7402BA0023E1A5 /* Build configuration list for PBXNativeTarget "Clutch" */;
			buildPhases = (
				8A1175CDE9E621BAEE769464 /* Check Pods Manifest.lock */,
				8254856D1C7402BA0023E1A5 /* Sources */,
				8254856E1C7402BA0023E1A5 /* Frameworks */,
				8254856F1C7402BA0023E1A5 /* Resources */,
				35B5352D9389F7426E553D2D /* Embed Pods Frameworks */,
				104E80256CF880D1473E5195 /* Copy Pods Resources */,
			);
			buildRules = (
			);
			dependencies = (
			);
			name = Clutch;
			productName = Shuttle;
			productReference = 825485711C7402BA0023E1A5 /* Clutch.app */;
			productType = "com.apple.product-type.application";
		};
/* End PBXNativeTarget section */

/* Begin PBXProject section */
		825485691C7402BA0023E1A5 /* Project object */ = {
			isa = PBXProject;
			attributes = {
				LastSwiftUpdateCheck = 0720;
				LastUpgradeCheck = 0720;
				ORGANIZATIONNAME = "Taylor Schmidt";
				TargetAttributes = {
					825485701C7402BA0023E1A5 = {
						CreatedOnToolsVersion = 7.2.1;
						DevelopmentTeam = 4G9Y57SZLT;
					};
				};
			};
			buildConfigurationList = 8254856C1C7402BA0023E1A5 /* Build configuration list for PBXProject "Clutch" */;
			compatibilityVersion = "Xcode 3.2";
			developmentRegion = English;
			hasScannedForEncodings = 0;
			knownRegions = (
				en,
				Base,
			);
			mainGroup = 825485681C7402BA0023E1A5;
			productRefGroup = 825485721C7402BA0023E1A5 /* Products */;
			projectDirPath = "";
			projectRoot = "";
			targets = (
				825485701C7402BA0023E1A5 /* Clutch */,
			);
		};
/* End PBXProject section */

/* Begin PBXResourcesBuildPhase section */
		8254856F1C7402BA0023E1A5 /* Resources */ = {
			isa = PBXResourcesBuildPhase;
			buildActionMask = 2147483647;
			files = (
				0DCBD4B41CA906F300727923 /* Bus.png in Resources */,
				6475B1841CA87DBF00B36F4C /* routes in Resources */,
				64A51EFC1CB21A2000827578 /* Bus-Circle.png in Resources */,
				825485821C7402BA0023E1A5 /* LaunchScreen.storyboard in Resources */,
				8254857F1C7402BA0023E1A5 /* Assets.xcassets in Resources */,
				6475B1851CA87DBF00B36F4C /* stops in Resources */,
				8254857A1C7402BA0023E1A5 /* Main.storyboard in Resources */,
				0DCBD4B51CA906F300727923 /* stop-circle.png in Resources */,
				64798B4A1CB2C76A00E26005 /* Direction.png in Resources */,
			);
			runOnlyForDeploymentPostprocessing = 0;
		};
/* End PBXResourcesBuildPhase section */

/* Begin PBXShellScriptBuildPhase section */
		104E80256CF880D1473E5195 /* Copy Pods Resources */ = {
			isa = PBXShellScriptBuildPhase;
			buildActionMask = 2147483647;
			files = (
			);
			inputPaths = (
			);
			name = "Copy Pods Resources";
			outputPaths = (
			);
			runOnlyForDeploymentPostprocessing = 0;
			shellPath = /bin/sh;
			shellScript = "\"${SRCROOT}/Pods/Target Support Files/Pods-Clutch/Pods-Clutch-resources.sh\"\n";
			showEnvVarsInLog = 0;
		};
		35B5352D9389F7426E553D2D /* Embed Pods Frameworks */ = {
			isa = PBXShellScriptBuildPhase;
			buildActionMask = 2147483647;
			files = (
			);
			inputPaths = (
			);
			name = "Embed Pods Frameworks";
			outputPaths = (
			);
			runOnlyForDeploymentPostprocessing = 0;
			shellPath = /bin/sh;
			shellScript = "\"${SRCROOT}/Pods/Target Support Files/Pods-Clutch/Pods-Clutch-frameworks.sh\"\n";
			showEnvVarsInLog = 0;
		};
		8A1175CDE9E621BAEE769464 /* Check Pods Manifest.lock */ = {
			isa = PBXShellScriptBuildPhase;
			buildActionMask = 2147483647;
			files = (
			);
			inputPaths = (
			);
			name = "Check Pods Manifest.lock";
			outputPaths = (
			);
			runOnlyForDeploymentPostprocessing = 0;
			shellPath = /bin/sh;
			shellScript = "diff \"${PODS_ROOT}/../Podfile.lock\" \"${PODS_ROOT}/Manifest.lock\" > /dev/null\nif [[ $? != 0 ]] ; then\n    cat << EOM\nerror: The sandbox is not in sync with the Podfile.lock. Run 'pod install' or update your CocoaPods installation.\nEOM\n    exit 1\nfi\n";
			showEnvVarsInLog = 0;
		};
/* End PBXShellScriptBuildPhase section */

/* Begin PBXSourcesBuildPhase section */
		8254856D1C7402BA0023E1A5 /* Sources */ = {
			isa = PBXSourcesBuildPhase;
			buildActionMask = 2147483647;
			files = (
				82FD72491CA88383002060F7 /* Route.swift in Sources */,
				649F7FBE1CAA3E5C00276CDD /* ImageRotation.swift in Sources */,
				64EAC3B01CAE3A7A00ABE648 /* StopsTableViewController.swift in Sources */,
				6485B59D1C77DBBA00AD7434 /* BusAnnotation.swift in Sources */,
				64F3DBA51CAC32BB002F2541 /* RouteTableViewCell.swift in Sources */,
				64265DE01C8CB3DC00876484 /* StopAnnotation.swift in Sources */,
				825485771C7402BA0023E1A5 /* ViewController.swift in Sources */,
				82FD724B1CA88507002060F7 /* Bus.swift in Sources */,
				825485751C7402BA0023E1A5 /* AppDelegate.swift in Sources */,
				82FD724D1CA8AF2C002060F7 /* Stop.swift in Sources */,
				8254857D1C7402BA0023E1A5 /* Shuttle.xcdatamodeld in Sources */,
				64BAAAC61C8747EB0056E2AF /* RoutesTableViewController.swift in Sources */,
				64265DE21C8CC20200876484 /* StopPointAnnotation.swift in Sources */,
			);
			runOnlyForDeploymentPostprocessing = 0;
		};
/* End PBXSourcesBuildPhase section */

/* Begin PBXVariantGroup section */
		825485781C7402BA0023E1A5 /* Main.storyboard */ = {
			isa = PBXVariantGroup;
			children = (
				825485791C7402BA0023E1A5 /* Base */,
			);
			name = Main.storyboard;
			sourceTree = "<group>";
		};
		825485801C7402BA0023E1A5 /* LaunchScreen.storyboard */ = {
			isa = PBXVariantGroup;
			children = (
				825485811C7402BA0023E1A5 /* Base */,
			);
			name = LaunchScreen.storyboard;
			sourceTree = "<group>";
		};
/* End PBXVariantGroup section */

/* Begin XCBuildConfiguration section */
		825485841C7402BA0023E1A5 /* Debug */ = {
			isa = XCBuildConfiguration;
			buildSettings = {
				ALWAYS_SEARCH_USER_PATHS = NO;
				CLANG_CXX_LANGUAGE_STANDARD = "gnu++0x";
				CLANG_CXX_LIBRARY = "libc++";
				CLANG_ENABLE_MODULES = YES;
				CLANG_ENABLE_OBJC_ARC = YES;
				CLANG_WARN_BOOL_CONVERSION = YES;
				CLANG_WARN_CONSTANT_CONVERSION = YES;
				CLANG_WARN_DIRECT_OBJC_ISA_USAGE = YES_ERROR;
				CLANG_WARN_EMPTY_BODY = YES;
				CLANG_WARN_ENUM_CONVERSION = YES;
				CLANG_WARN_INT_CONVERSION = YES;
				CLANG_WARN_OBJC_ROOT_CLASS = YES_ERROR;
				CLANG_WARN_UNREACHABLE_CODE = YES;
				CLANG_WARN__DUPLICATE_METHOD_MATCH = YES;
				"CODE_SIGN_IDENTITY[sdk=iphoneos*]" = "iPhone Developer";
				COPY_PHASE_STRIP = NO;
				DEBUG_INFORMATION_FORMAT = dwarf;
				ENABLE_STRICT_OBJC_MSGSEND = YES;
				ENABLE_TESTABILITY = YES;
				GCC_C_LANGUAGE_STANDARD = gnu99;
				GCC_DYNAMIC_NO_PIC = NO;
				GCC_NO_COMMON_BLOCKS = YES;
				GCC_OPTIMIZATION_LEVEL = 0;
				GCC_PREPROCESSOR_DEFINITIONS = (
					"DEBUG=1",
					"$(inherited)",
				);
				GCC_WARN_64_TO_32_BIT_CONVERSION = YES;
				GCC_WARN_ABOUT_RETURN_TYPE = YES_ERROR;
				GCC_WARN_UNDECLARED_SELECTOR = YES;
				GCC_WARN_UNINITIALIZED_AUTOS = YES_AGGRESSIVE;
				GCC_WARN_UNUSED_FUNCTION = YES;
				GCC_WARN_UNUSED_VARIABLE = YES;
				IPHONEOS_DEPLOYMENT_TARGET = 9.2;
				MTL_ENABLE_DEBUG_INFO = YES;
				ONLY_ACTIVE_ARCH = YES;
				SDKROOT = iphoneos;
				SWIFT_OPTIMIZATION_LEVEL = "-Onone";
			};
			name = Debug;
		};
		825485851C7402BA0023E1A5 /* Release */ = {
			isa = XCBuildConfiguration;
			buildSettings = {
				ALWAYS_SEARCH_USER_PATHS = NO;
				CLANG_CXX_LANGUAGE_STANDARD = "gnu++0x";
				CLANG_CXX_LIBRARY = "libc++";
				CLANG_ENABLE_MODULES = YES;
				CLANG_ENABLE_OBJC_ARC = YES;
				CLANG_WARN_BOOL_CONVERSION = YES;
				CLANG_WARN_CONSTANT_CONVERSION = YES;
				CLANG_WARN_DIRECT_OBJC_ISA_USAGE = YES_ERROR;
				CLANG_WARN_EMPTY_BODY = YES;
				CLANG_WARN_ENUM_CONVERSION = YES;
				CLANG_WARN_INT_CONVERSION = YES;
				CLANG_WARN_OBJC_ROOT_CLASS = YES_ERROR;
				CLANG_WARN_UNREACHABLE_CODE = YES;
				CLANG_WARN__DUPLICATE_METHOD_MATCH = YES;
				"CODE_SIGN_IDENTITY[sdk=iphoneos*]" = "iPhone Developer";
				COPY_PHASE_STRIP = NO;
				DEBUG_INFORMATION_FORMAT = "dwarf-with-dsym";
				ENABLE_NS_ASSERTIONS = NO;
				ENABLE_STRICT_OBJC_MSGSEND = YES;
				GCC_C_LANGUAGE_STANDARD = gnu99;
				GCC_NO_COMMON_BLOCKS = YES;
				GCC_WARN_64_TO_32_BIT_CONVERSION = YES;
				GCC_WARN_ABOUT_RETURN_TYPE = YES_ERROR;
				GCC_WARN_UNDECLARED_SELECTOR = YES;
				GCC_WARN_UNINITIALIZED_AUTOS = YES_AGGRESSIVE;
				GCC_WARN_UNUSED_FUNCTION = YES;
				GCC_WARN_UNUSED_VARIABLE = YES;
				IPHONEOS_DEPLOYMENT_TARGET = 9.2;
				MTL_ENABLE_DEBUG_INFO = NO;
				SDKROOT = iphoneos;
				VALIDATE_PRODUCT = YES;
			};
			name = Release;
		};
		825485871C7402BA0023E1A5 /* Debug */ = {
			isa = XCBuildConfiguration;
			baseConfigurationReference = 13FE1A817B820D45B89C0950 /* Pods-Clutch.debug.xcconfig */;
			buildSettings = {
				ASSETCATALOG_COMPILER_APPICON_NAME = AppIcon;
				CODE_SIGN_IDENTITY = "iPhone Developer";
				"CODE_SIGN_IDENTITY[sdk=iphoneos*]" = "iPhone Developer";
				ENABLE_BITCODE = NO;
				INFOPLIST_FILE = Shuttle/Info.plist;
				LD_RUNPATH_SEARCH_PATHS = "$(inherited) @executable_path/Frameworks";
				PRODUCT_BUNDLE_IDENTIFIER = com.Clutch;
				PRODUCT_NAME = Clutch;
				PROVISIONING_PROFILE = "";
			};
			name = Debug;
		};
		825485881C7402BA0023E1A5 /* Release */ = {
			isa = XCBuildConfiguration;
			baseConfigurationReference = 7892EF1B1DF84265FB7E0BC6 /* Pods-Clutch.release.xcconfig */;
			buildSettings = {
				ASSETCATALOG_COMPILER_APPICON_NAME = AppIcon;
				CODE_SIGN_IDENTITY = "iPhone Developer";
				"CODE_SIGN_IDENTITY[sdk=iphoneos*]" = "iPhone Developer";
				ENABLE_BITCODE = NO;
				INFOPLIST_FILE = Shuttle/Info.plist;
				LD_RUNPATH_SEARCH_PATHS = "$(inherited) @executable_path/Frameworks";
				PRODUCT_BUNDLE_IDENTIFIER = com.Clutch;
				PRODUCT_NAME = Clutch;
				PROVISIONING_PROFILE = "";
			};
			name = Release;
		};
/* End XCBuildConfiguration section */

/* Begin XCConfigurationList section */
		8254856C1C7402BA0023E1A5 /* Build configuration list for PBXProject "Clutch" */ = {
			isa = XCConfigurationList;
			buildConfigurations = (
				825485841C7402BA0023E1A5 /* Debug */,
				825485851C7402BA0023E1A5 /* Release */,
			);
			defaultConfigurationIsVisible = 0;
			defaultConfigurationName = Release;
		};
		825485861C7402BA0023E1A5 /* Build configuration list for PBXNativeTarget "Clutch" */ = {
			isa = XCConfigurationList;
			buildConfigurations = (
				825485871C7402BA0023E1A5 /* Debug */,
				825485881C7402BA0023E1A5 /* Release */,
			);
			defaultConfigurationIsVisible = 0;
			defaultConfigurationName = Release;
		};
/* End XCConfigurationList section */

/* Begin XCVersionGroup section */
		8254857B1C7402BA0023E1A5 /* Shuttle.xcdatamodeld */ = {
			isa = XCVersionGroup;
			children = (
				8254857C1C7402BA0023E1A5 /* Shuttle.xcdatamodel */,
			);
			currentVersion = 8254857C1C7402BA0023E1A5 /* Shuttle.xcdatamodel */;
			path = Shuttle.xcdatamodeld;
			sourceTree = "<group>";
			versionGroupType = wrapper.xcdatamodel;
		};
/* End XCVersionGroup section */
	};
	rootObject = 825485691C7402BA0023E1A5 /* Project object */;
}
